
Microsoft Visual Studio Solution File, Format Version 12.00
# Visual Studio 2013
VisualStudioVersion = 12.0.21005.1
MinimumVisualStudioVersion = 10.0.40219.1
Project("{8BC9CEB8-8B4A-11D0-8D11-00A0C91BC942}") = "任意乘法", "任意乘法\任意乘法.vcxproj", "{E97D8C0E-3E33-4BBD-A18D-AD0EF5EF66B0}"
EndProject
Global
	GlobalSection(SolutionConfigurationPlatforms) = preSolution
		Debug|Win32 = Debug|Win32
		Release|Win32 = Release|Win32
	EndGlobalSection
	GlobalSection(ProjectConfigurationPlatforms) = postSolution
		{E97D8C0E-3E33-4BBD-A18D-AD0EF5EF66B0}.Debug|Win32.ActiveCfg = Debug|Win32
		{E97D8C0E-3E33-4BBD-A18D-AD0EF5EF66B0}.Debug|Win32.Build.0 = Debug|Win32
		{E97D8C0E-3E33-4BBD-A18D-AD0EF5EF66B0}.Release|Win32.ActiveCfg = Release|Win32
		{E97D8C0E-3E33-4BBD-A18D-AD0EF5EF66B0}.Release|Win32.Build.0 = Release|Win32
	EndGlobalSection
	GlobalSection(SolutionProperties) = preSolution
		HideSolutionNode = FALSE
	EndGlobalSection
EndGlobal
