
Microsoft Visual Studio Solution File, Format Version 12.00
# Visual Studio 15
VisualStudioVersion = 15.0.28307.1267
MinimumVisualStudioVersion = 10.0.40219.1
Project("{8BC9CEB8-8B4A-11D0-8D11-00A0C91BC942}") = "最长有效括号", "最长有效括号\最长有效括号.vcxproj", "{AE0679E1-A3D8-4A03-8E27-C67C2B84A660}"
EndProject
Global
	GlobalSection(SolutionConfigurationPlatforms) = preSolution
		Debug|x64 = Debug|x64
		Debug|x86 = Debug|x86
		Release|x64 = Release|x64
		Release|x86 = Release|x86
	EndGlobalSection
	GlobalSection(ProjectConfigurationPlatforms) = postSolution
		{AE0679E1-A3D8-4A03-8E27-C67C2B84A660}.Debug|x64.ActiveCfg = Debug|x64
		{AE0679E1-A3D8-4A03-8E27-C67C2B84A660}.Debug|x64.Build.0 = Debug|x64
		{AE0679E1-A3D8-4A03-8E27-C67C2B84A660}.Debug|x86.ActiveCfg = Debug|Win32
		{AE0679E1-A3D8-4A03-8E27-C67C2B84A660}.Debug|x86.Build.0 = Debug|Win32
		{AE0679E1-A3D8-4A03-8E27-C67C2B84A660}.Release|x64.ActiveCfg = Release|x64
		{AE0679E1-A3D8-4A03-8E27-C67C2B84A660}.Release|x64.Build.0 = Release|x64
		{AE0679E1-A3D8-4A03-8E27-C67C2B84A660}.Release|x86.ActiveCfg = Release|Win32
		{AE0679E1-A3D8-4A03-8E27-C67C2B84A660}.Release|x86.Build.0 = Release|Win32
	EndGlobalSection
	GlobalSection(SolutionProperties) = preSolution
		HideSolutionNode = FALSE
	EndGlobalSection
	GlobalSection(ExtensibilityGlobals) = postSolution
		SolutionGuid = {999992A8-0CF4-469D-A721-4FE1D156D71E}
	EndGlobalSection
EndGlobal
