
Microsoft Visual Studio Solution File, Format Version 12.00
# Visual Studio 15
VisualStudioVersion = 15.0.28307.1267
MinimumVisualStudioVersion = 10.0.40219.1
Project("{8BC9CEB8-8B4A-11D0-8D11-00A0C91BC942}") = "整数反转", "整数反转\整数反转.vcxproj", "{9E57FFC4-3691-4427-AFE8-FABA2A6953CF}"
EndProject
Global
	GlobalSection(SolutionConfigurationPlatforms) = preSolution
		Debug|x64 = Debug|x64
		Debug|x86 = Debug|x86
		Release|x64 = Release|x64
		Release|x86 = Release|x86
	EndGlobalSection
	GlobalSection(ProjectConfigurationPlatforms) = postSolution
		{9E57FFC4-3691-4427-AFE8-FABA2A6953CF}.Debug|x64.ActiveCfg = Debug|x64
		{9E57FFC4-3691-4427-AFE8-FABA2A6953CF}.Debug|x64.Build.0 = Debug|x64
		{9E57FFC4-3691-4427-AFE8-FABA2A6953CF}.Debug|x86.ActiveCfg = Debug|Win32
		{9E57FFC4-3691-4427-AFE8-FABA2A6953CF}.Debug|x86.Build.0 = Debug|Win32
		{9E57FFC4-3691-4427-AFE8-FABA2A6953CF}.Release|x64.ActiveCfg = Release|x64
		{9E57FFC4-3691-4427-AFE8-FABA2A6953CF}.Release|x64.Build.0 = Release|x64
		{9E57FFC4-3691-4427-AFE8-FABA2A6953CF}.Release|x86.ActiveCfg = Release|Win32
		{9E57FFC4-3691-4427-AFE8-FABA2A6953CF}.Release|x86.Build.0 = Release|Win32
	EndGlobalSection
	GlobalSection(SolutionProperties) = preSolution
		HideSolutionNode = FALSE
	EndGlobalSection
	GlobalSection(ExtensibilityGlobals) = postSolution
		SolutionGuid = {99E9EE51-4CCB-4DDE-8C9A-BF6B8D63C2FB}
	EndGlobalSection
EndGlobal
