
Microsoft Visual Studio Solution File, Format Version 12.00
# Visual Studio 15
VisualStudioVersion = 15.0.28307.1267
MinimumVisualStudioVersion = 10.0.40219.1
Project("{8BC9CEB8-8B4A-11D0-8D11-00A0C91BC942}") = "最长回文子串", "最长回文子串\最长回文子串.vcxproj", "{E50E6287-D149-4DE6-9703-CE9B6565BB92}"
EndProject
Global
	GlobalSection(SolutionConfigurationPlatforms) = preSolution
		Debug|x64 = Debug|x64
		Debug|x86 = Debug|x86
		Release|x64 = Release|x64
		Release|x86 = Release|x86
	EndGlobalSection
	GlobalSection(ProjectConfigurationPlatforms) = postSolution
		{E50E6287-D149-4DE6-9703-CE9B6565BB92}.Debug|x64.ActiveCfg = Debug|x64
		{E50E6287-D149-4DE6-9703-CE9B6565BB92}.Debug|x64.Build.0 = Debug|x64
		{E50E6287-D149-4DE6-9703-CE9B6565BB92}.Debug|x86.ActiveCfg = Debug|Win32
		{E50E6287-D149-4DE6-9703-CE9B6565BB92}.Debug|x86.Build.0 = Debug|Win32
		{E50E6287-D149-4DE6-9703-CE9B6565BB92}.Release|x64.ActiveCfg = Release|x64
		{E50E6287-D149-4DE6-9703-CE9B6565BB92}.Release|x64.Build.0 = Release|x64
		{E50E6287-D149-4DE6-9703-CE9B6565BB92}.Release|x86.ActiveCfg = Release|Win32
		{E50E6287-D149-4DE6-9703-CE9B6565BB92}.Release|x86.Build.0 = Release|Win32
	EndGlobalSection
	GlobalSection(SolutionProperties) = preSolution
		HideSolutionNode = FALSE
	EndGlobalSection
	GlobalSection(ExtensibilityGlobals) = postSolution
		SolutionGuid = {B1E8C9D9-D4D2-47FF-BAFF-F4D7A92B6307}
	EndGlobalSection
EndGlobal
